// !$*UTF8*$!
{
	archiveVersion = 1;
	classes = {
	};
	objectVersion = 50;
	objects = {

/* Begin PBXBuildFile section */
		CCFCB896270A7FD700EDA0DD /* AppDelegate.swift in Sources */ = {isa = PBXBuildFile; fileRef = CCFCB895270A7FD700EDA0DD /* AppDelegate.swift */; };
		CCFCB898270A7FD700EDA0DD /* SceneDelegate.swift in Sources */ = {isa = PBXBuildFile; fileRef = CCFCB897270A7FD700EDA0DD /* SceneDelegate.swift */; };
		CCFCB89A270A7FD700EDA0DD /* AddNotesViewController.swift in Sources */ = {isa = PBXBuildFile; fileRef = CCFCB899270A7FD700EDA0DD /* AddNotesViewController.swift */; };
		CCFCB89D270A7FD700EDA0DD /* Main.storyboard in Resources */ = {isa = PBXBuildFile; fileRef = CCFCB89B270A7FD700EDA0DD /* Main.storyboard */; };
		CCFCB8A0270A7FD700EDA0DD /* NotesApp.xcdatamodeld in Sources */ = {isa = PBXBuildFile; fileRef = CCFCB89E270A7FD700EDA0DD /* NotesApp.xcdatamodeld */; };
		CCFCB8A2270A7FDE00EDA0DD /* Assets.xcassets in Resources */ = {isa = PBXBuildFile; fileRef = CCFCB8A1270A7FDE00EDA0DD /* Assets.xcassets */; };
		CCFCB8A5270A7FDE00EDA0DD /* LaunchScreen.storyboard in Resources */ = {isa = PBXBuildFile; fileRef = CCFCB8A3270A7FDE00EDA0DD /* LaunchScreen.storyboard */; };
		CCFCB8AF270A80A600EDA0DD /* NotesTableViewController.swift in Sources */ = {isa = PBXBuildFile; fileRef = CCFCB8AE270A80A600EDA0DD /* NotesTableViewController.swift */; };
/* End PBXBuildFile section */

/* Begin PBXFileReference section */
		CCFCB892270A7FD700EDA0DD /* NotesApp.app */ = {isa = PBXFileReference; explicitFileType = wrapper.application; includeInIndex = 0; path = NotesApp.app; sourceTree = BUILT_PRODUCTS_DIR; };
		CCFCB895270A7FD700EDA0DD /* AppDelegate.swift */ = {isa = PBXFileReference; lastKnownFileType = sourcecode.swift; path = AppDelegate.swift; sourceTree = "<group>"; };
		CCFCB897270A7FD700EDA0DD /* SceneDelegate.swift */ = {isa = PBXFileReference; lastKnownFileType = sourcecode.swift; path = SceneDelegate.swift; sourceTree = "<group>"; };
		CCFCB899270A7FD700EDA0DD /* AddNotesViewController.swift */ = {isa = PBXFileReference; lastKnownFileType = sourcecode.swift; path = AddNotesViewController.swift; sourceTree = "<group>"; };
		CCFCB89C270A7FD700EDA0DD /* Base */ = {isa = PBXFileReference; lastKnownFileType = file.storyboard; name = Base; path = Base.lproj/Main.storyboard; sourceTree = "<group>"; };
		CCFCB89F270A7FD700EDA0DD /* NotesApp.xcdatamodel */ = {isa = PBXFileReference; lastKnownFileType = wrapper.xcdatamodel; path = NotesApp.xcdatamodel; sourceTree = "<group>"; };
		CCFCB8A1270A7FDE00EDA0DD /* Assets.xcassets */ = {isa = PBXFileReference; lastKnownFileType = folder.assetcatalog; path = Assets.xcassets; sourceTree = "<group>"; };
		CCFCB8A4270A7FDE00EDA0DD /* Base */ = {isa = PBXFileReference; lastKnownFileType = file.storyboard; name = Base; path = Base.lproj/LaunchScreen.storyboard; sourceTree = "<group>"; };
		CCFCB8A6270A7FDE00EDA0DD /* Info.plist */ = {isa = PBXFileReference; lastKnownFileType = text.plist.xml; path = Info.plist; sourceTree = "<group>"; };
		CCFCB8AE270A80A600EDA0DD /* NotesTableViewController.swift */ = {isa = PBXFileReference; lastKnownFileType = sourcecode.swift; path = NotesTableViewController.swift; sourceTree = "<group>"; };
/* End PBXFileReference section */

/* Begin PBXFrameworksBuildPhase section */
		CCFCB88F270A7FD700EDA0DD /* Frameworks */ = {
			isa = PBXFrameworksBuildPhase;
			buildActionMask = 2147483647;
			files = (
			);
			runOnlyForDeploymentPostprocessing = 0;
		};
/* End PBXFrameworksBuildPhase section */

/* Begin PBXGroup section */
		CCFCB889270A7FD700EDA0DD = {
			isa = PBXGroup;
			children = (
				CCFCB894270A7FD700EDA0DD /* NotesApp */,
				CCFCB893270A7FD700EDA0DD /* Products */,
			);
			sourceTree = "<group>";
		};
		CCFCB893270A7FD700EDA0DD /* Products */ = {
			isa = PBXGroup;
			children = (
				CCFCB892270A7FD700EDA0DD /* NotesApp.app */,
			);
			name = Products;
			sourceTree = "<group>";
		};
		CCFCB894270A7FD700EDA0DD /* NotesApp */ = {
			isa = PBXGroup;
			children = (
				CCFCB895270A7FD700EDA0DD /* AppDelegate.swift */,
				CCFCB897270A7FD700EDA0DD /* SceneDelegate.swift */,
				CCFCB899270A7FD700EDA0DD /* AddNotesViewController.swift */,
				CCFCB89B270A7FD700EDA0DD /* Main.storyboard */,
				CCFCB8A1270A7FDE00EDA0DD /* Assets.xcassets */,
				CCFCB8A3270A7FDE00EDA0DD /* LaunchScreen.storyboard */,
				CCFCB8A6270A7FDE00EDA0DD /* Info.plist */,
				CCFCB8AE270A80A600EDA0DD /* NotesTableViewController.swift */,
				CCFCB89E270A7FD700EDA0DD /* NotesApp.xcdatamodeld */,
			);
			path = NotesApp;
			sourceTree = "<group>";
		};
/* End PBXGroup section */

/* Begin PBXNativeTarget section */
		CCFCB891270A7FD700EDA0DD /* NotesApp */ = {
			isa = PBXNativeTarget;
			buildConfigurationList = CCFCB8A9270A7FDE00EDA0DD /* Build configuration list for PBXNativeTarget "NotesApp" */;
			buildPhases = (
				CCFCB88E270A7FD700EDA0DD /* Sources */,
				CCFCB88F270A7FD700EDA0DD /* Frameworks */,
				CCFCB890270A7FD700EDA0DD /* Resources */,
			);
			buildRules = (
			);
			dependencies = (
			);
			name = NotesApp;
			productName = NotesApp;
			productReference = CCFCB892270A7FD700EDA0DD /* NotesApp.app */;
			productType = "com.apple.product-type.application";
		};
/* End PBXNativeTarget section */

/* Begin PBXProject section */
		CCFCB88A270A7FD700EDA0DD /* Project object */ = {
			isa = PBXProject;
			attributes = {
				LastSwiftUpdateCheck = 1240;
				LastUpgradeCheck = 1240;
				TargetAttributes = {
					CCFCB891270A7FD700EDA0DD = {
						CreatedOnToolsVersion = 12.4;
					};
				};
			};
			buildConfigurationList = CCFCB88D270A7FD700EDA0DD /* Build configuration list for PBXProject "NotesApp" */;
			compatibilityVersion = "Xcode 9.3";
			developmentRegion = en;
			hasScannedForEncodings = 0;
			knownRegions = (
				en,
				Base,
			);
			mainGroup = CCFCB889270A7FD700EDA0DD;
			productRefGroup = CCFCB893270A7FD700EDA0DD /* Products */;
			projectDirPath = "";
			projectRoot = "";
			targets = (
				CCFCB891270A7FD700EDA0DD /* NotesApp */,
			);
		};
/* End PBXProject section */

/* Begin PBXResourcesBuildPhase section */
		CCFCB890270A7FD700EDA0DD /* Resources */ = {
			isa = PBXResourcesBuildPhase;
			buildActionMask = 2147483647;
			files = (
				CCFCB8A5270A7FDE00EDA0DD /* LaunchScreen.storyboard in Resources */,
				CCFCB8A2270A7FDE00EDA0DD /* Assets.xcassets in Resources */,
				CCFCB89D270A7FD700EDA0DD /* Main.storyboard in Resources */,
			);
			runOnlyForDeploymentPostprocessing = 0;
		};
/* End PBXResourcesBuildPhase section */

/* Begin PBXSourcesBuildPhase section */
		CCFCB88E270A7FD700EDA0DD /* Sources */ = {
			isa = PBXSourcesBuildPhase;
			buildActionMask = 2147483647;
			files = (
				CCFCB8AF270A80A600EDA0DD /* NotesTableViewController.swift in Sources */,
				CCFCB89A270A7FD700EDA0DD /* AddNotesViewController.swift in Sources */,
				CCFCB896270A7FD700EDA0DD /* AppDelegate.swift in Sources */,
				CCFCB898270A7FD700EDA0DD /* SceneDelegate.swift in Sources */,
				CCFCB8A0270A7FD700EDA0DD /* NotesApp.xcdatamodeld in Sources */,
			);
			runOnlyForDeploymentPostprocessing = 0;
		};
/* End PBXSourcesBuildPhase section */

/* Begin PBXVariantGroup section */
		CCFCB89B270A7FD700EDA0DD /* Main.storyboard */ = {
			isa = PBXVariantGroup;
			children = (
				CCFCB89C270A7FD700EDA0DD /* Base */,
			);
			name = Main.storyboard;
			sourceTree = "<group>";
		};
		CCFCB8A3270A7FDE00EDA0DD /* LaunchScreen.storyboard */ = {
			isa = PBXVariantGroup;
			children = (
				CCFCB8A4270A7FDE00EDA0DD /* Base */,
			);
			name = LaunchScreen.storyboard;
			sourceTree = "<group>";
		};
/* End PBXVariantGroup section */

/* Begin XCBuildConfiguration section */
		CCFCB8A7270A7FDE00EDA0DD /* Debug */ = {
			isa = XCBuildConfiguration;
			buildSettings = {
				ALWAYS_SEARCH_USER_PATHS = NO;
				CLANG_ANALYZER_NONNULL = YES;
				CLANG_ANALYZER_NUMBER_OBJECT_CONVERSION = YES_AGGRESSIVE;
				CLANG_CXX_LANGUAGE_STANDARD = "gnu++14";
				CLANG_CXX_LIBRARY = "libc++";
				CLANG_ENABLE_MODULES = YES;
				CLANG_ENABLE_OBJC_ARC = YES;
				CLANG_ENABLE_OBJC_WEAK = YES;
				CLANG_WARN_BLOCK_CAPTURE_AUTORELEASING = YES;
				CLANG_WARN_BOOL_CONVERSION = YES;
				CLANG_WARN_COMMA = YES;
				CLANG_WARN_CONSTANT_CONVERSION = YES;
				CLANG_WARN_DEPRECATED_OBJC_IMPLEMENTATIONS = YES;
				CLANG_WARN_DIRECT_OBJC_ISA_USAGE = YES_ERROR;
				CLANG_WARN_DOCUMENTATION_COMMENTS = YES;
				CLANG_WARN_EMPTY_BODY = YES;
				CLANG_WARN_ENUM_CONVERSION = YES;
				CLANG_WARN_INFINITE_RECURSION = YES;
				CLANG_WARN_INT_CONVERSION = YES;
				CLANG_WARN_NON_LITERAL_NULL_CONVERSION = YES;
				CLANG_WARN_OBJC_IMPLICIT_RETAIN_SELF = YES;
				CLANG_WARN_OBJC_LITERAL_CONVERSION = YES;
				CLANG_WARN_OBJC_ROOT_CLASS = YES_ERROR;
				CLANG_WARN_QUOTED_INCLUDE_IN_FRAMEWORK_HEADER = YES;
				CLANG_WARN_RANGE_LOOP_ANALYSIS = YES;
				CLANG_WARN_STRICT_PROTOTYPES = YES;
				CLANG_WARN_SUSPICIOUS_MOVE = YES;
				CLANG_WARN_UNGUARDED_AVAILABILITY = YES_AGGRESSIVE;
				CLANG_WARN_UNREACHABLE_CODE = YES;
				CLANG_WARN__DUPLICATE_METHOD_MATCH = YES;
				COPY_PHASE_STRIP = NO;
				DEBUG_INFORMATION_FORMAT = dwarf;
				ENABLE_STRICT_OBJC_MSGSEND = YES;
				ENABLE_TESTABILITY = YES;
				GCC_C_LANGUAGE_STANDARD = gnu11;
				GCC_DYNAMIC_NO_PIC = NO;
				GCC_NO_COMMON_BLOCKS = YES;
				GCC_OPTIMIZATION_LEVEL = 0;
				GCC_PREPROCESSOR_DEFINITIONS = (
					"DEBUG=1",
					"$(inherited)",
				);
				GCC_WARN_64_TO_32_BIT_CONVERSION = YES;
				GCC_WARN_ABOUT_RETURN_TYPE = YES_ERROR;
				GCC_WARN_UNDECLARED_SELECTOR = YES;
				GCC_WARN_UNINITIALIZED_AUTOS = YES_AGGRESSIVE;
				GCC_WARN_UNUSED_FUNCTION = YES;
				GCC_WARN_UNUSED_VARIABLE = YES;
				IPHONEOS_DEPLOYMENT_TARGET = 14.4;
				MTL_ENABLE_DEBUG_INFO = INCLUDE_SOURCE;
				MTL_FAST_MATH = YES;
				ONLY_ACTIVE_ARCH = YES;
				SDKROOT = iphoneos;
				SWIFT_ACTIVE_COMPILATION_CONDITIONS = DEBUG;
				SWIFT_OPTIMIZATION_LEVEL = "-Onone";
			};
			name = Debug;
		};
		CCFCB8A8270A7FDE00EDA0DD /* Release */ = {
			isa = XCBuildConfiguration;
			buildSettings = {
				ALWAYS_SEARCH_USER_PATHS = NO;
				CLANG_ANALYZER_NONNULL = YES;
				CLANG_ANALYZER_NUMBER_OBJECT_CONVERSION = YES_AGGRESSIVE;
				CLANG_CXX_LANGUAGE_STANDARD = "gnu++14";
				CLANG_CXX_LIBRARY = "libc++";
				CLANG_ENABLE_MODULES = YES;
				CLANG_ENABLE_OBJC_ARC = YES;
				CLANG_ENABLE_OBJC_WEAK = YES;
				CLANG_WARN_BLOCK_CAPTURE_AUTORELEASING = YES;
				CLANG_WARN_BOOL_CONVERSION = YES;
				CLANG_WARN_COMMA = YES;
				CLANG_WARN_CONSTANT_CONVERSION = YES;
				CLANG_WARN_DEPRECATED_OBJC_IMPLEMENTATIONS = YES;
				CLANG_WARN_DIRECT_OBJC_ISA_USAGE = YES_ERROR;
				CLANG_WARN_DOCUMENTATION_COMMENTS = YES;
				CLANG_WARN_EMPTY_BODY = YES;
				CLANG_WARN_ENUM_CONVERSION = YES;
				CLANG_WARN_INFINITE_RECURSION = YES;
				CLANG_WARN_INT_CONVERSION = YES;
				CLANG_WARN_NON_LITERAL_NULL_CONVERSION = YES;
				CLANG_WARN_OBJC_IMPLICIT_RETAIN_SELF = YES;
				CLANG_WARN_OBJC_LITERAL_CONVERSION = YES;
				CLANG_WARN_OBJC_ROOT_CLASS = YES_ERROR;
				CLANG_WARN_QUOTED_INCLUDE_IN_FRAMEWORK_HEADER = YES;
				CLANG_WARN_RANGE_LOOP_ANALYSIS = YES;
				CLANG_WARN_STRICT_PROTOTYPES = YES;
				CLANG_WARN_SUSPICIOUS_MOVE = YES;
				CLANG_WARN_UNGUARDED_AVAILABILITY = YES_AGGRESSIVE;
				CLANG_WARN_UNREACHABLE_CODE = YES;
				CLANG_WARN__DUPLICATE_METHOD_MATCH = YES;
				COPY_PHASE_STRIP = NO;
				DEBUG_INFORMATION_FORMAT = "dwarf-with-dsym";
				ENABLE_NS_ASSERTIONS = NO;
				ENABLE_STRICT_OBJC_MSGSEND = YES;
				GCC_C_LANGUAGE_STANDARD = gnu11;
				GCC_NO_COMMON_BLOCKS = YES;
				GCC_WARN_64_TO_32_BIT_CONVERSION = YES;
				GCC_WARN_ABOUT_RETURN_TYPE = YES_ERROR;
				GCC_WARN_UNDECLARED_SELECTOR = YES;
				GCC_WARN_UNINITIALIZED_AUTOS = YES_AGGRESSIVE;
				GCC_WARN_UNUSED_FUNCTION = YES;
				GCC_WARN_UNUSED_VARIABLE = YES;
				IPHONEOS_DEPLOYMENT_TARGET = 14.4;
				MTL_ENABLE_DEBUG_INFO = NO;
				MTL_FAST_MATH = YES;
				SDKROOT = iphoneos;
				SWIFT_COMPILATION_MODE = wholemodule;
				SWIFT_OPTIMIZATION_LEVEL = "-O";
				VALIDATE_PRODUCT = YES;
			};
			name = Release;
		};
		CCFCB8AA270A7FDE00EDA0DD /* Debug */ = {
			isa = XCBuildConfiguration;
			buildSettings = {
				ASSETCATALOG_COMPILER_APPICON_NAME = AppIcon;
				ASSETCATALOG_COMPILER_GLOBAL_ACCENT_COLOR_NAME = AccentColor;
				CODE_SIGN_STYLE = Automatic;
				DEVELOPMENT_TEAM = F33G98HAJY;
				INFOPLIST_FILE = NotesApp/Info.plist;
				LD_RUNPATH_SEARCH_PATHS = (
					"$(inherited)",
					"@executable_path/Frameworks",
				);
				PRODUCT_BUNDLE_IDENTIFIER = YuYuYu.NotesApp;
				PRODUCT_NAME = "$(TARGET_NAME)";
				SWIFT_VERSION = 5.0;
				TARGETED_DEVICE_FAMILY = "1,2";
			};
			name = Debug;
		};
		CCFCB8AB270A7FDE00EDA0DD /* Release */ = {
			isa = XCBuildConfiguration;
			buildSettings = {
				ASSETCATALOG_COMPILER_APPICON_NAME = AppIcon;
				ASSETCATALOG_COMPILER_GLOBAL_ACCENT_COLOR_NAME = AccentColor;
				CODE_SIGN_STYLE = Automatic;
				DEVELOPMENT_TEAM = F33G98HAJY;
				INFOPLIST_FILE = NotesApp/Info.plist;
				LD_RUNPATH_SEARCH_PATHS = (
					"$(inherited)",
					"@executable_path/Frameworks",
				);
				PRODUCT_BUNDLE_IDENTIFIER = YuYuYu.NotesApp;
				PRODUCT_NAME = "$(TARGET_NAME)";
				SWIFT_VERSION = 5.0;
				TARGETED_DEVICE_FAMILY = "1,2";
			};
			name = Release;
		};
/* End XCBuildConfiguration section */

/* Begin XCConfigurationList section */
		CCFCB88D270A7FD700EDA0DD /* Build configuration list for PBXProject "NotesApp" */ = {
			isa = XCConfigurationList;
			buildConfigurations = (
				CCFCB8A7270A7FDE00EDA0DD /* Debug */,
				CCFCB8A8270A7FDE00EDA0DD /* Release */,
			);
			defaultConfigurationIsVisible = 0;
			defaultConfigurationName = Release;
		};
		CCFCB8A9270A7FDE00EDA0DD /* Build configuration list for PBXNativeTarget "NotesApp" */ = {
			isa = XCConfigurationList;
			buildConfigurations = (
				CCFCB8AA270A7FDE00EDA0DD /* Debug */,
				CCFCB8AB270A7FDE00EDA0DD /* Release */,
			);
			defaultConfigurationIsVisible = 0;
			defaultConfigurationName = Release;
		};
/* End XCConfigurationList section */

/* Begin XCVersionGroup section */
		CCFCB89E270A7FD700EDA0DD /* NotesApp.xcdatamodeld */ = {
			isa = XCVersionGroup;
			children = (
				CCFCB89F270A7FD700EDA0DD /* NotesApp.xcdatamodel */,
			);
			currentVersion = CCFCB89F270A7FD700EDA0DD /* NotesApp.xcdatamodel */;
			path = NotesApp.xcdatamodeld;
			sourceTree = "<group>";
			versionGroupType = wrapper.xcdatamodel;
		};
/* End XCVersionGroup section */
	};
	rootObject = CCFCB88A270A7FD700EDA0DD /* Project object */;
}
